{
  "name": "django-openipam",
  "version": "1.0.0",
  "lockfileVersion": 1,
  "requires": true,
  "dependencies": {
    "bootstrap": {
      "version": "3.3.7",
      "resolved": "https://registry.npmjs.org/bootstrap/-/bootstrap-3.3.7.tgz",
      "integrity": "sha1-WjiTlFSfIzMIdaOxUGVldPip63E="
    },
    "bootstrap-waitingfor": {
      "version": "1.2.7",
      "resolved": "https://registry.npmjs.org/bootstrap-waitingfor/-/bootstrap-waitingfor-1.2.7.tgz",
      "integrity": "sha512-L5F7qoAp4GFUVclEeZTbXRimctRjDGTU+lChjQyQJvxjSltt5UIwPzGvLXbHT5Gpu1qQdo1DJTcb/jN2U0E5mA=="
    },
    "chart.js": {
      "version": "2.8.0",
      "resolved": "https://registry.npmjs.org/chart.js/-/chart.js-2.8.0.tgz",
      "integrity": "sha512-Di3wUL4BFvqI5FB5K26aQ+hvWh8wnP9A3DWGvXHVkO13D3DSnaSsdZx29cXlEsYKVkn1E2az+ZYFS4t0zi8x0w==",
      "requires": {
        "chartjs-color": "^2.1.0",
        "moment": "^2.10.2"
      }
    },
    "chartjs-color": {
      "version": "2.3.0",
      "resolved": "https://registry.npmjs.org/chartjs-color/-/chartjs-color-2.3.0.tgz",
      "integrity": "sha512-hEvVheqczsoHD+fZ+tfPUE+1+RbV6b+eksp2LwAhwRTVXEjCSEavvk+Hg3H6SZfGlPh/UfmWKGIvZbtobOEm3g==",
      "requires": {
        "chartjs-color-string": "^0.6.0",
        "color-convert": "^0.5.3"
      }
    },
    "chartjs-color-string": {
      "version": "0.6.0",
      "resolved": "https://registry.npmjs.org/chartjs-color-string/-/chartjs-color-string-0.6.0.tgz",
      "integrity": "sha512-TIB5OKn1hPJvO7JcteW4WY/63v6KwEdt6udfnDE9iCAZgy+V4SrbSxoIbTw/xkUIapjEI4ExGtD0+6D3KyFd7A==",
      "requires": {
        "color-name": "^1.0.0"
      }
    },
    "color-convert": {
      "version": "0.5.3",
      "resolved": "https://registry.npmjs.org/color-convert/-/color-convert-0.5.3.tgz",
      "integrity": "sha1-vbbGnOZg+t/+CwAHzER+G59ygr0="
    },
    "color-name": {
      "version": "1.1.4",
      "resolved": "https://registry.npmjs.org/color-name/-/color-name-1.1.4.tgz",
      "integrity": "sha512-dOy+3AuW3a2wNbZHIuMZpTcgjGuLU/uBL/ubcZF9OXbDo8ff4O8yVp5Bf0efS8uEoYo5q4Fx7dY9OgQGXgAsQA=="
    },
    "datatables": {
      "version": "1.10.18",
      "resolved": "https://registry.npmjs.org/datatables/-/datatables-1.10.18.tgz",
      "integrity": "sha512-ntatMgS9NN6UMpwbmO+QkYJuKlVeMA2Mi0Gu/QxyIh+dW7ZjLSDhPT2tWlzjpIWEkDYgieDzS9Nu7bdQCW0sbQ==",
      "requires": {
        "jquery": ">=1.7"
      }
    },
    "datatables-bootstrap": {
      "version": "0.0.1",
      "resolved": "https://registry.npmjs.org/datatables-bootstrap/-/datatables-bootstrap-0.0.1.tgz",
      "integrity": "sha1-MfFpFiO77Yf+tyyDaC0edco/xvk=",
      "requires": {
        "datatables": ">=1.10.0",
        "jquery": ">=1.7.0"
      }
    },
    "datatables-responsive": {
      "version": "1.0.7",
      "resolved": "https://registry.npmjs.org/datatables-responsive/-/datatables-responsive-1.0.7.tgz",
      "integrity": "sha1-2Q5FeB3CF5+dIA37fwjv9JIJb84=",
      "requires": {
        "datatables": ">=1.10.1",
        "jquery": ">=1.7.0"
      }
    },
    "jquery": {
      "version": "3.4.1",
      "resolved": "https://registry.npmjs.org/jquery/-/jquery-3.4.1.tgz",
      "integrity": "sha512-36+AdBzCL+y6qjw5Tx7HgzeGCzC81MDDgaUP8ld2zhx58HdqXGoBd+tHdrBMiyjGQs0Hxs/MLZTu/eHNJJuWPw=="
    },
    "jquery.cookie": {
      "version": "1.4.1",
      "resolved": "https://registry.npmjs.org/jquery.cookie/-/jquery.cookie-1.4.1.tgz",
      "integrity": "sha1-1j3OIJ6raR/mMxbbCMqeR+D5OFs="
    },
    "moment": {
      "version": "2.24.0",
      "resolved": "https://registry.npmjs.org/moment/-/moment-2.24.0.tgz",
      "integrity": "sha512-bV7f+6l2QigeBBZSM/6yTNq4P2fNpSWj/0e7jQcy87A8e7o2nAfP/34/2ky5Vw4B9S446EtIhodAzkFCcR4dQg=="
    },
    "nvd3": {
      "version": "1.8.6",
      "resolved": "https://registry.npmjs.org/nvd3/-/nvd3-1.8.6.tgz",
      "integrity": "sha1-LT66dL8zNjtRAevx0JPFmlOuc8Q="
    },
    "qtip": {
      "version": "0.0.4",
      "resolved": "https://registry.npmjs.org/qtip/-/qtip-0.0.4.tgz",
      "integrity": "sha1-9qNZ5mXcSOtDkhQ1yrfr9xpWIR0="
    }
  }
}
